
Microsoft Visual Studio Solution File, Format Version 12.00
# Visual Studio Version 17
VisualStudioVersion = 17.3.32901.215
MinimumVisualStudioVersion = 10.0.40219.1
Project("{FAE04EC0-301F-11D3-BF4B-00C04F79EFBC}") = "Week_1", "Week_1\Week_1.csproj", "{AB3DA407-C41A-41B6-BCB7-DD6C6A69A293}"
EndProject
Global
	GlobalSection(SolutionConfigurationPlatforms) = preSolution
		Debug|Any CPU = Debug|Any CPU
		Release|Any CPU = Release|Any CPU
	EndGlobalSection
	GlobalSection(ProjectConfigurationPlatforms) = postSolution
		{AB3DA407-C41A-41B6-BCB7-DD6C6A69A293}.Debug|Any CPU.ActiveCfg = Debug|Any CPU
		{AB3DA407-C41A-41B6-BCB7-DD6C6A69A293}.Debug|Any CPU.Build.0 = Debug|Any CPU
		{AB3DA407-C41A-41B6-BCB7-DD6C6A69A293}.Release|Any CPU.ActiveCfg = Release|Any CPU
		{AB3DA407-C41A-41B6-BCB7-DD6C6A69A293}.Release|Any CPU.Build.0 = Release|Any CPU
	EndGlobalSection
	GlobalSection(SolutionProperties) = preSolution
		HideSolutionNode = FALSE
	EndGlobalSection
	GlobalSection(ExtensibilityGlobals) = postSolution
		SolutionGuid = {85DA81C1-87CC-4143-B1E7-2AEED1A95DDD}
	EndGlobalSection
EndGlobal
